
Microsoft Visual Studio Solution File, Format Version 12.00
# Visual Studio Version 17
VisualStudioVersion = 17.2.32616.157
MinimumVisualStudioVersion = 10.0.40219.1
Project("{FAE04EC0-301F-11D3-BF4B-00C04F79EFBC}") = "ExaminationOnlineSystem", "ExaminationOnlineSystem\ExaminationOnlineSystem.csproj", "{1A76AC9E-FD23-4FF5-ADCA-082E3FD5140C}"
EndProject
Global
	GlobalSection(SolutionConfigurationPlatforms) = preSolution
		Debug|Any CPU = Debug|Any CPU
		Release|Any CPU = Release|Any CPU
	EndGlobalSection
	GlobalSection(ProjectConfigurationPlatforms) = postSolution
		{1A76AC9E-FD23-4FF5-ADCA-082E3FD5140C}.Debug|Any CPU.ActiveCfg = Debug|Any CPU
		{1A76AC9E-FD23-4FF5-ADCA-082E3FD5140C}.Debug|Any CPU.Build.0 = Debug|Any CPU
		{1A76AC9E-FD23-4FF5-ADCA-082E3FD5140C}.Release|Any CPU.ActiveCfg = Release|Any CPU
		{1A76AC9E-FD23-4FF5-ADCA-082E3FD5140C}.Release|Any CPU.Build.0 = Release|Any CPU
	EndGlobalSection
	GlobalSection(SolutionProperties) = preSolution
		HideSolutionNode = FALSE
	EndGlobalSection
	GlobalSection(ExtensibilityGlobals) = postSolution
		SolutionGuid = {B424EF59-8A99-4E2D-AD98-9B76A3234B35}
	EndGlobalSection
EndGlobal
